// !$*UTF8*$!
{
	archiveVersion = 1;
	classes = {
	};
	objectVersion = 50;
	objects = {

/* Begin PBXBuildFile section */
		9FBC6840230FC5B700DC4EBE /* AppDelegate.swift in Sources */ = {isa = PBXBuildFile; fileRef = 9FBC683F230FC5B700DC4EBE /* AppDelegate.swift */; };
		9FBC6842230FC5B700DC4EBE /* ViewController.swift in Sources */ = {isa = PBXBuildFile; fileRef = 9FBC6841230FC5B700DC4EBE /* ViewController.swift */; };
		9FBC6845230FC5B700DC4EBE /* Main.storyboard in Resources */ = {isa = PBXBuildFile; fileRef = 9FBC6843230FC5B700DC4EBE /* Main.storyboard */; };
		9FBC6847230FC5BB00DC4EBE /* Assets.xcassets in Resources */ = {isa = PBXBuildFile; fileRef = 9FBC6846230FC5BB00DC4EBE /* Assets.xcassets */; };
		9FBC684A230FC5BB00DC4EBE /* LaunchScreen.storyboard in Resources */ = {isa = PBXBuildFile; fileRef = 9FBC6848230FC5BB00DC4EBE /* LaunchScreen.storyboard */; };
		9FBC6852230FC62200DC4EBE /* AnswerViewController.swift in Sources */ = {isa = PBXBuildFile; fileRef = 9FBC6851230FC62200DC4EBE /* AnswerViewController.swift */; };
		9FBC685423102E4900DC4EBE /* ChangeJapanese.swift in Sources */ = {isa = PBXBuildFile; fileRef = 9FBC685323102E4900DC4EBE /* ChangeJapanese.swift */; };
/* End PBXBuildFile section */

/* Begin PBXFileReference section */
		9FBC683C230FC5B700DC4EBE /* ChangeLetterProject.app */ = {isa = PBXFileReference; explicitFileType = wrapper.application; includeInIndex = 0; path = ChangeLetterProject.app; sourceTree = BUILT_PRODUCTS_DIR; };
		9FBC683F230FC5B700DC4EBE /* AppDelegate.swift */ = {isa = PBXFileReference; lastKnownFileType = sourcecode.swift; path = AppDelegate.swift; sourceTree = "<group>"; };
		9FBC6841230FC5B700DC4EBE /* ViewController.swift */ = {isa = PBXFileReference; lastKnownFileType = sourcecode.swift; path = ViewController.swift; sourceTree = "<group>"; };
		9FBC6844230FC5B700DC4EBE /* Base */ = {isa = PBXFileReference; lastKnownFileType = file.storyboard; name = Base; path = Base.lproj/Main.storyboard; sourceTree = "<group>"; };
		9FBC6846230FC5BB00DC4EBE /* Assets.xcassets */ = {isa = PBXFileReference; lastKnownFileType = folder.assetcatalog; path = Assets.xcassets; sourceTree = "<group>"; };
		9FBC6849230FC5BB00DC4EBE /* Base */ = {isa = PBXFileReference; lastKnownFileType = file.storyboard; name = Base; path = Base.lproj/LaunchScreen.storyboard; sourceTree = "<group>"; };
		9FBC684B230FC5BB00DC4EBE /* Info.plist */ = {isa = PBXFileReference; lastKnownFileType = text.plist.xml; path = Info.plist; sourceTree = "<group>"; };
		9FBC6851230FC62200DC4EBE /* AnswerViewController.swift */ = {isa = PBXFileReference; lastKnownFileType = sourcecode.swift; path = AnswerViewController.swift; sourceTree = "<group>"; };
		9FBC685323102E4900DC4EBE /* ChangeJapanese.swift */ = {isa = PBXFileReference; lastKnownFileType = sourcecode.swift; path = ChangeJapanese.swift; sourceTree = "<group>"; };
/* End PBXFileReference section */

/* Begin PBXFrameworksBuildPhase section */
		9FBC6839230FC5B700DC4EBE /* Frameworks */ = {
			isa = PBXFrameworksBuildPhase;
			buildActionMask = 2147483647;
			files = (
			);
			runOnlyForDeploymentPostprocessing = 0;
		};
/* End PBXFrameworksBuildPhase section */

/* Begin PBXGroup section */
		9FBC6833230FC5B600DC4EBE = {
			isa = PBXGroup;
			children = (
				9FBC683E230FC5B700DC4EBE /* ChangeLetterProject */,
				9FBC683D230FC5B700DC4EBE /* Products */,
			);
			sourceTree = "<group>";
		};
		9FBC683D230FC5B700DC4EBE /* Products */ = {
			isa = PBXGroup;
			children = (
				9FBC683C230FC5B700DC4EBE /* ChangeLetterProject.app */,
			);
			name = Products;
			sourceTree = "<group>";
		};
		9FBC683E230FC5B700DC4EBE /* ChangeLetterProject */ = {
			isa = PBXGroup;
			children = (
				9FBC683F230FC5B700DC4EBE /* AppDelegate.swift */,
				9FBC6841230FC5B700DC4EBE /* ViewController.swift */,
				9FBC685323102E4900DC4EBE /* ChangeJapanese.swift */,
				9FBC6851230FC62200DC4EBE /* AnswerViewController.swift */,
				9FBC6843230FC5B700DC4EBE /* Main.storyboard */,
				9FBC6846230FC5BB00DC4EBE /* Assets.xcassets */,
				9FBC6848230FC5BB00DC4EBE /* LaunchScreen.storyboard */,
				9FBC684B230FC5BB00DC4EBE /* Info.plist */,
			);
			path = ChangeLetterProject;
			sourceTree = "<group>";
		};
/* End PBXGroup section */

/* Begin PBXNativeTarget section */
		9FBC683B230FC5B700DC4EBE /* ChangeLetterProject */ = {
			isa = PBXNativeTarget;
			buildConfigurationList = 9FBC684E230FC5BB00DC4EBE /* Build configuration list for PBXNativeTarget "ChangeLetterProject" */;
			buildPhases = (
				9FBC6838230FC5B700DC4EBE /* Sources */,
				9FBC6839230FC5B700DC4EBE /* Frameworks */,
				9FBC683A230FC5B700DC4EBE /* Resources */,
			);
			buildRules = (
			);
			dependencies = (
			);
			name = ChangeLetterProject;
			productName = ChangeLetterProject;
			productReference = 9FBC683C230FC5B700DC4EBE /* ChangeLetterProject.app */;
			productType = "com.apple.product-type.application";
		};
/* End PBXNativeTarget section */

/* Begin PBXProject section */
		9FBC6834230FC5B600DC4EBE /* Project object */ = {
			isa = PBXProject;
			attributes = {
				LastSwiftUpdateCheck = 1030;
				LastUpgradeCheck = 1030;
				ORGANIZATIONNAME = "安藤奨";
				TargetAttributes = {
					9FBC683B230FC5B700DC4EBE = {
						CreatedOnToolsVersion = 10.3;
					};
				};
			};
			buildConfigurationList = 9FBC6837230FC5B600DC4EBE /* Build configuration list for PBXProject "ChangeLetterProject" */;
			compatibilityVersion = "Xcode 9.3";
			developmentRegion = en;
			hasScannedForEncodings = 0;
			knownRegions = (
				en,
				Base,
			);
			mainGroup = 9FBC6833230FC5B600DC4EBE;
			productRefGroup = 9FBC683D230FC5B700DC4EBE /* Products */;
			projectDirPath = "";
			projectRoot = "";
			targets = (
				9FBC683B230FC5B700DC4EBE /* ChangeLetterProject */,
			);
		};
/* End PBXProject section */

/* Begin PBXResourcesBuildPhase section */
		9FBC683A230FC5B700DC4EBE /* Resources */ = {
			isa = PBXResourcesBuildPhase;
			buildActionMask = 2147483647;
			files = (
				9FBC684A230FC5BB00DC4EBE /* LaunchScreen.storyboard in Resources */,
				9FBC6847230FC5BB00DC4EBE /* Assets.xcassets in Resources */,
				9FBC6845230FC5B700DC4EBE /* Main.storyboard in Resources */,
			);
			runOnlyForDeploymentPostprocessing = 0;
		};
/* End PBXResourcesBuildPhase section */

/* Begin PBXSourcesBuildPhase section */
		9FBC6838230FC5B700DC4EBE /* Sources */ = {
			isa = PBXSourcesBuildPhase;
			buildActionMask = 2147483647;
			files = (
				9FBC685423102E4900DC4EBE /* ChangeJapanese.swift in Sources */,
				9FBC6852230FC62200DC4EBE /* AnswerViewController.swift in Sources */,
				9FBC6842230FC5B700DC4EBE /* ViewController.swift in Sources */,
				9FBC6840230FC5B700DC4EBE /* AppDelegate.swift in Sources */,
			);
			runOnlyForDeploymentPostprocessing = 0;
		};
/* End PBXSourcesBuildPhase section */

/* Begin PBXVariantGroup section */
		9FBC6843230FC5B700DC4EBE /* Main.storyboard */ = {
			isa = PBXVariantGroup;
			children = (
				9FBC6844230FC5B700DC4EBE /* Base */,
			);
			name = Main.storyboard;
			sourceTree = "<group>";
		};
		9FBC6848230FC5BB00DC4EBE /* LaunchScreen.storyboard */ = {
			isa = PBXVariantGroup;
			children = (
				9FBC6849230FC5BB00DC4EBE /* Base */,
			);
			name = LaunchScreen.storyboard;
			sourceTree = "<group>";
		};
/* End PBXVariantGroup section */

/* Begin XCBuildConfiguration section */
		9FBC684C230FC5BB00DC4EBE /* Debug */ = {
			isa = XCBuildConfiguration;
			buildSettings = {
				ALWAYS_SEARCH_USER_PATHS = NO;
				CLANG_ANALYZER_NONNULL = YES;
				CLANG_ANALYZER_NUMBER_OBJECT_CONVERSION = YES_AGGRESSIVE;
				CLANG_CXX_LANGUAGE_STANDARD = "gnu++14";
				CLANG_CXX_LIBRARY = "libc++";
				CLANG_ENABLE_MODULES = YES;
				CLANG_ENABLE_OBJC_ARC = YES;
				CLANG_ENABLE_OBJC_WEAK = YES;
				CLANG_WARN_BLOCK_CAPTURE_AUTORELEASING = YES;
				CLANG_WARN_BOOL_CONVERSION = YES;
				CLANG_WARN_COMMA = YES;
				CLANG_WARN_CONSTANT_CONVERSION = YES;
				CLANG_WARN_DEPRECATED_OBJC_IMPLEMENTATIONS = YES;
				CLANG_WARN_DIRECT_OBJC_ISA_USAGE = YES_ERROR;
				CLANG_WARN_DOCUMENTATION_COMMENTS = YES;
				CLANG_WARN_EMPTY_BODY = YES;
				CLANG_WARN_ENUM_CONVERSION = YES;
				CLANG_WARN_INFINITE_RECURSION = YES;
				CLANG_WARN_INT_CONVERSION = YES;
				CLANG_WARN_NON_LITERAL_NULL_CONVERSION = YES;
				CLANG_WARN_OBJC_IMPLICIT_RETAIN_SELF = YES;
				CLANG_WARN_OBJC_LITERAL_CONVERSION = YES;
				CLANG_WARN_OBJC_ROOT_CLASS = YES_ERROR;
				CLANG_WARN_RANGE_LOOP_ANALYSIS = YES;
				CLANG_WARN_STRICT_PROTOTYPES = YES;
				CLANG_WARN_SUSPICIOUS_MOVE = YES;
				CLANG_WARN_UNGUARDED_AVAILABILITY = YES_AGGRESSIVE;
				CLANG_WARN_UNREACHABLE_CODE = YES;
				CLANG_WARN__DUPLICATE_METHOD_MATCH = YES;
				CODE_SIGN_IDENTITY = "iPhone Developer";
				COPY_PHASE_STRIP = NO;
				DEBUG_INFORMATION_FORMAT = dwarf;
				ENABLE_STRICT_OBJC_MSGSEND = YES;
				ENABLE_TESTABILITY = YES;
				GCC_C_LANGUAGE_STANDARD = gnu11;
				GCC_DYNAMIC_NO_PIC = NO;
				GCC_NO_COMMON_BLOCKS = YES;
				GCC_OPTIMIZATION_LEVEL = 0;
				GCC_PREPROCESSOR_DEFINITIONS = (
					"DEBUG=1",
					"$(inherited)",
				);
				GCC_WARN_64_TO_32_BIT_CONVERSION = YES;
				GCC_WARN_ABOUT_RETURN_TYPE = YES_ERROR;
				GCC_WARN_UNDECLARED_SELECTOR = YES;
				GCC_WARN_UNINITIALIZED_AUTOS = YES_AGGRESSIVE;
				GCC_WARN_UNUSED_FUNCTION = YES;
				GCC_WARN_UNUSED_VARIABLE = YES;
				IPHONEOS_DEPLOYMENT_TARGET = 12.4;
				MTL_ENABLE_DEBUG_INFO = INCLUDE_SOURCE;
				MTL_FAST_MATH = YES;
				ONLY_ACTIVE_ARCH = YES;
				SDKROOT = iphoneos;
				SWIFT_ACTIVE_COMPILATION_CONDITIONS = DEBUG;
				SWIFT_OPTIMIZATION_LEVEL = "-Onone";
			};
			name = Debug;
		};
		9FBC684D230FC5BB00DC4EBE /* Release */ = {
			isa = XCBuildConfiguration;
			buildSettings = {
				ALWAYS_SEARCH_USER_PATHS = NO;
				CLANG_ANALYZER_NONNULL = YES;
				CLANG_ANALYZER_NUMBER_OBJECT_CONVERSION = YES_AGGRESSIVE;
				CLANG_CXX_LANGUAGE_STANDARD = "gnu++14";
				CLANG_CXX_LIBRARY = "libc++";
				CLANG_ENABLE_MODULES = YES;
				CLANG_ENABLE_OBJC_ARC = YES;
				CLANG_ENABLE_OBJC_WEAK = YES;
				CLANG_WARN_BLOCK_CAPTURE_AUTORELEASING = YES;
				CLANG_WARN_BOOL_CONVERSION = YES;
				CLANG_WARN_COMMA = YES;
				CLANG_WARN_CONSTANT_CONVERSION = YES;
				CLANG_WARN_DEPRECATED_OBJC_IMPLEMENTATIONS = YES;
				CLANG_WARN_DIRECT_OBJC_ISA_USAGE = YES_ERROR;
				CLANG_WARN_DOCUMENTATION_COMMENTS = YES;
				CLANG_WARN_EMPTY_BODY = YES;
				CLANG_WARN_ENUM_CONVERSION = YES;
				CLANG_WARN_INFINITE_RECURSION = YES;
				CLANG_WARN_INT_CONVERSION = YES;
				CLANG_WARN_NON_LITERAL_NULL_CONVERSION = YES;
				CLANG_WARN_OBJC_IMPLICIT_RETAIN_SELF = YES;
				CLANG_WARN_OBJC_LITERAL_CONVERSION = YES;
				CLANG_WARN_OBJC_ROOT_CLASS = YES_ERROR;
				CLANG_WARN_RANGE_LOOP_ANALYSIS = YES;
				CLANG_WARN_STRICT_PROTOTYPES = YES;
				CLANG_WARN_SUSPICIOUS_MOVE = YES;
				CLANG_WARN_UNGUARDED_AVAILABILITY = YES_AGGRESSIVE;
				CLANG_WARN_UNREACHABLE_CODE = YES;
				CLANG_WARN__DUPLICATE_METHOD_MATCH = YES;
				CODE_SIGN_IDENTITY = "iPhone Developer";
				COPY_PHASE_STRIP = NO;
				DEBUG_INFORMATION_FORMAT = "dwarf-with-dsym";
				ENABLE_NS_ASSERTIONS = NO;
				ENABLE_STRICT_OBJC_MSGSEND = YES;
				GCC_C_LANGUAGE_STANDARD = gnu11;
				GCC_NO_COMMON_BLOCKS = YES;
				GCC_WARN_64_TO_32_BIT_CONVERSION = YES;
				GCC_WARN_ABOUT_RETURN_TYPE = YES_ERROR;
				GCC_WARN_UNDECLARED_SELECTOR = YES;
				GCC_WARN_UNINITIALIZED_AUTOS = YES_AGGRESSIVE;
				GCC_WARN_UNUSED_FUNCTION = YES;
				GCC_WARN_UNUSED_VARIABLE = YES;
				IPHONEOS_DEPLOYMENT_TARGET = 12.4;
				MTL_ENABLE_DEBUG_INFO = NO;
				MTL_FAST_MATH = YES;
				SDKROOT = iphoneos;
				SWIFT_COMPILATION_MODE = wholemodule;
				SWIFT_OPTIMIZATION_LEVEL = "-O";
				VALIDATE_PRODUCT = YES;
			};
			name = Release;
		};
		9FBC684F230FC5BB00DC4EBE /* Debug */ = {
			isa = XCBuildConfiguration;
			buildSettings = {
				ASSETCATALOG_COMPILER_APPICON_NAME = AppIcon;
				CODE_SIGN_STYLE = Automatic;
				DEVELOPMENT_TEAM = R33L9N7UCD;
				INFOPLIST_FILE = ChangeLetterProject/Info.plist;
				LD_RUNPATH_SEARCH_PATHS = (
					"$(inherited)",
					"@executable_path/Frameworks",
				);
				PRODUCT_BUNDLE_IDENTIFIER = com.practice.ChangeLetterProject;
				PRODUCT_NAME = "$(TARGET_NAME)";
				SWIFT_VERSION = 5.0;
				TARGETED_DEVICE_FAMILY = "1,2";
			};
			name = Debug;
		};
		9FBC6850230FC5BB00DC4EBE /* Release */ = {
			isa = XCBuildConfiguration;
			buildSettings = {
				ASSETCATALOG_COMPILER_APPICON_NAME = AppIcon;
				CODE_SIGN_STYLE = Automatic;
				DEVELOPMENT_TEAM = R33L9N7UCD;
				INFOPLIST_FILE = ChangeLetterProject/Info.plist;
				LD_RUNPATH_SEARCH_PATHS = (
					"$(inherited)",
					"@executable_path/Frameworks",
				);
				PRODUCT_BUNDLE_IDENTIFIER = com.practice.ChangeLetterProject;
				PRODUCT_NAME = "$(TARGET_NAME)";
				SWIFT_VERSION = 5.0;
				TARGETED_DEVICE_FAMILY = "1,2";
			};
			name = Release;
		};
/* End XCBuildConfiguration section */

/* Begin XCConfigurationList section */
		9FBC6837230FC5B600DC4EBE /* Build configuration list for PBXProject "ChangeLetterProject" */ = {
			isa = XCConfigurationList;
			buildConfigurations = (
				9FBC684C230FC5BB00DC4EBE /* Debug */,
				9FBC684D230FC5BB00DC4EBE /* Release */,
			);
			defaultConfigurationIsVisible = 0;
			defaultConfigurationName = Release;
		};
		9FBC684E230FC5BB00DC4EBE /* Build configuration list for PBXNativeTarget "ChangeLetterProject" */ = {
			isa = XCConfigurationList;
			buildConfigurations = (
				9FBC684F230FC5BB00DC4EBE /* Debug */,
				9FBC6850230FC5BB00DC4EBE /* Release */,
			);
			defaultConfigurationIsVisible = 0;
			defaultConfigurationName = Release;
		};
/* End XCConfigurationList section */
	};
	rootObject = 9FBC6834230FC5B600DC4EBE /* Project object */;
}
